// !$*UTF8*$!
{
	archiveVersion = 1;
	classes = {
	};
	objectVersion = 50;
	objects = {

/* Begin PBXBuildFile section */
		EB095A3D26B9CD0C00449EE8 /* AppDelegate.swift in Sources */ = {isa = PBXBuildFile; fileRef = EB095A3C26B9CD0C00449EE8 /* AppDelegate.swift */; };
		EB095A3F26B9CD0C00449EE8 /* SceneDelegate.swift in Sources */ = {isa = PBXBuildFile; fileRef = EB095A3E26B9CD0C00449EE8 /* SceneDelegate.swift */; };
		EB095A4426B9CD0C00449EE8 /* Main.storyboard in Resources */ = {isa = PBXBuildFile; fileRef = EB095A4226B9CD0C00449EE8 /* Main.storyboard */; };
		EB095A4626B9CD0F00449EE8 /* Assets.xcassets in Resources */ = {isa = PBXBuildFile; fileRef = EB095A4526B9CD0F00449EE8 /* Assets.xcassets */; };
		EB095A4926B9CD0F00449EE8 /* LaunchScreen.storyboard in Resources */ = {isa = PBXBuildFile; fileRef = EB095A4726B9CD0F00449EE8 /* LaunchScreen.storyboard */; };
		EB095A5426B9CD0F00449EE8 /* SignosInterviewTests.swift in Sources */ = {isa = PBXBuildFile; fileRef = EB095A5326B9CD0F00449EE8 /* SignosInterviewTests.swift */; };
		EB095A5F26B9CD0F00449EE8 /* SignosInterviewUITests.swift in Sources */ = {isa = PBXBuildFile; fileRef = EB095A5E26B9CD0F00449EE8 /* SignosInterviewUITests.swift */; };
		EB5EC98526B9D36000C3E209 /* Coordinator.swift in Sources */ = {isa = PBXBuildFile; fileRef = EB5EC98426B9D36000C3E209 /* Coordinator.swift */; };
		EB5EC98726B9D37500C3E209 /* AppCoordinator.swift in Sources */ = {isa = PBXBuildFile; fileRef = EB5EC98626B9D37500C3E209 /* AppCoordinator.swift */; };
		EB5EC98A26B9D3E700C3E209 /* MainCoordinator.swift in Sources */ = {isa = PBXBuildFile; fileRef = EB5EC98926B9D3E700C3E209 /* MainCoordinator.swift */; };
		EB5EC98D26B9D4A400C3E209 /* UIStoryboard+Extensions.swift in Sources */ = {isa = PBXBuildFile; fileRef = EB5EC98C26B9D4A400C3E209 /* UIStoryboard+Extensions.swift */; };
		EB5EC99026B9D57D00C3E209 /* AddressListViewController.swift in Sources */ = {isa = PBXBuildFile; fileRef = EB5EC98F26B9D57D00C3E209 /* AddressListViewController.swift */; };
		EB5EC99226B9DD0700C3E209 /* AddressListViewModel.swift in Sources */ = {isa = PBXBuildFile; fileRef = EB5EC99126B9DD0700C3E209 /* AddressListViewModel.swift */; };
		EB5EC99526B9DD7300C3E209 /* AddressItem.swift in Sources */ = {isa = PBXBuildFile; fileRef = EB5EC99426B9DD7300C3E209 /* AddressItem.swift */; };
		EB5EC99826BA1C6C00C3E209 /* SearchAddressViewController.swift in Sources */ = {isa = PBXBuildFile; fileRef = EB5EC99726BA1C6C00C3E209 /* SearchAddressViewController.swift */; };
		EB5EC99B26BA215600C3E209 /* PlacesService.swift in Sources */ = {isa = PBXBuildFile; fileRef = EB5EC99A26BA215600C3E209 /* PlacesService.swift */; };
		EB5EC99E26BA276D00C3E209 /* PlacesModel.swift in Sources */ = {isa = PBXBuildFile; fileRef = EB5EC99D26BA276D00C3E209 /* PlacesModel.swift */; };
		EB5EC9A026BA36FB00C3E209 /* SearchAddressViewModel.swift in Sources */ = {isa = PBXBuildFile; fileRef = EB5EC99F26BA36FB00C3E209 /* SearchAddressViewModel.swift */; };
		EB5EC9A226BA480500C3E209 /* PlacesPersistenceProviderUserDefaults.swift in Sources */ = {isa = PBXBuildFile; fileRef = EB5EC9A126BA480500C3E209 /* PlacesPersistenceProviderUserDefaults.swift */; };
		EB5EC9A426BA4BB800C3E209 /* Defaults+Extensions.swift in Sources */ = {isa = PBXBuildFile; fileRef = EB5EC9A326BA4BB800C3E209 /* Defaults+Extensions.swift */; };
		EB9A90F526BB8B0B009D12E2 /* UIViewController+Extensions.swift in Sources */ = {isa = PBXBuildFile; fileRef = EB9A90F426BB8B0B009D12E2 /* UIViewController+Extensions.swift */; };
		EBCA24BA26BB354700CB0AD0 /* PlaceTableViewCell.swift in Sources */ = {isa = PBXBuildFile; fileRef = EBCA24B926BB354700CB0AD0 /* PlaceTableViewCell.swift */; };
		EBCA24BC26BB378300CB0AD0 /* PlaceTableViewCell.xib in Resources */ = {isa = PBXBuildFile; fileRef = EBCA24BB26BB378300CB0AD0 /* PlaceTableViewCell.xib */; };
/* End PBXBuildFile section */

/* Begin PBXContainerItemProxy section */
		EB095A5026B9CD0F00449EE8 /* PBXContainerItemProxy */ = {
			isa = PBXContainerItemProxy;
			containerPortal = EB095A3126B9CD0C00449EE8 /* Project object */;
			proxyType = 1;
			remoteGlobalIDString = EB095A3826B9CD0C00449EE8;
			remoteInfo = SignosInterview;
		};
		EB095A5B26B9CD0F00449EE8 /* PBXContainerItemProxy */ = {
			isa = PBXContainerItemProxy;
			containerPortal = EB095A3126B9CD0C00449EE8 /* Project object */;
			proxyType = 1;
			remoteGlobalIDString = EB095A3826B9CD0C00449EE8;
			remoteInfo = SignosInterview;
		};
/* End PBXContainerItemProxy section */

/* Begin PBXFileReference section */
		EB095A3926B9CD0C00449EE8 /* SignosInterview.app */ = {isa = PBXFileReference; explicitFileType = wrapper.application; includeInIndex = 0; path = SignosInterview.app; sourceTree = BUILT_PRODUCTS_DIR; };
		EB095A3C26B9CD0C00449EE8 /* AppDelegate.swift */ = {isa = PBXFileReference; lastKnownFileType = sourcecode.swift; path = AppDelegate.swift; sourceTree = "<group>"; };
		EB095A3E26B9CD0C00449EE8 /* SceneDelegate.swift */ = {isa = PBXFileReference; lastKnownFileType = sourcecode.swift; path = SceneDelegate.swift; sourceTree = "<group>"; };
		EB095A4326B9CD0C00449EE8 /* Base */ = {isa = PBXFileReference; lastKnownFileType = file.storyboard; name = Base; path = Base.lproj/Main.storyboard; sourceTree = "<group>"; };
		EB095A4526B9CD0F00449EE8 /* Assets.xcassets */ = {isa = PBXFileReference; lastKnownFileType = folder.assetcatalog; path = Assets.xcassets; sourceTree = "<group>"; };
		EB095A4826B9CD0F00449EE8 /* Base */ = {isa = PBXFileReference; lastKnownFileType = file.storyboard; name = Base; path = Base.lproj/LaunchScreen.storyboard; sourceTree = "<group>"; };
		EB095A4A26B9CD0F00449EE8 /* Info.plist */ = {isa = PBXFileReference; lastKnownFileType = text.plist.xml; path = Info.plist; sourceTree = "<group>"; };
		EB095A4F26B9CD0F00449EE8 /* SignosInterviewTests.xctest */ = {isa = PBXFileReference; explicitFileType = wrapper.cfbundle; includeInIndex = 0; path = SignosInterviewTests.xctest; sourceTree = BUILT_PRODUCTS_DIR; };
		EB095A5326B9CD0F00449EE8 /* SignosInterviewTests.swift */ = {isa = PBXFileReference; lastKnownFileType = sourcecode.swift; path = SignosInterviewTests.swift; sourceTree = "<group>"; };
		EB095A5526B9CD0F00449EE8 /* Info.plist */ = {isa = PBXFileReference; lastKnownFileType = text.plist.xml; path = Info.plist; sourceTree = "<group>"; };
		EB095A5A26B9CD0F00449EE8 /* SignosInterviewUITests.xctest */ = {isa = PBXFileReference; explicitFileType = wrapper.cfbundle; includeInIndex = 0; path = SignosInterviewUITests.xctest; sourceTree = BUILT_PRODUCTS_DIR; };
		EB095A5E26B9CD0F00449EE8 /* SignosInterviewUITests.swift */ = {isa = PBXFileReference; lastKnownFileType = sourcecode.swift; path = SignosInterviewUITests.swift; sourceTree = "<group>"; };
		EB095A6026B9CD1000449EE8 /* Info.plist */ = {isa = PBXFileReference; lastKnownFileType = text.plist.xml; path = Info.plist; sourceTree = "<group>"; };
		EB5EC98426B9D36000C3E209 /* Coordinator.swift */ = {isa = PBXFileReference; lastKnownFileType = sourcecode.swift; path = Coordinator.swift; sourceTree = "<group>"; };
		EB5EC98626B9D37500C3E209 /* AppCoordinator.swift */ = {isa = PBXFileReference; lastKnownFileType = sourcecode.swift; path = AppCoordinator.swift; sourceTree = "<group>"; };
		EB5EC98926B9D3E700C3E209 /* MainCoordinator.swift */ = {isa = PBXFileReference; lastKnownFileType = sourcecode.swift; path = MainCoordinator.swift; sourceTree = "<group>"; };
		EB5EC98C26B9D4A400C3E209 /* UIStoryboard+Extensions.swift */ = {isa = PBXFileReference; lastKnownFileType = sourcecode.swift; path = "UIStoryboard+Extensions.swift"; sourceTree = "<group>"; };
		EB5EC98F26B9D57D00C3E209 /* AddressListViewController.swift */ = {isa = PBXFileReference; lastKnownFileType = sourcecode.swift; path = AddressListViewController.swift; sourceTree = "<group>"; };
		EB5EC99126B9DD0700C3E209 /* AddressListViewModel.swift */ = {isa = PBXFileReference; lastKnownFileType = sourcecode.swift; path = AddressListViewModel.swift; sourceTree = "<group>"; };
		EB5EC99426B9DD7300C3E209 /* AddressItem.swift */ = {isa = PBXFileReference; lastKnownFileType = sourcecode.swift; path = AddressItem.swift; sourceTree = "<group>"; };
		EB5EC99726BA1C6C00C3E209 /* SearchAddressViewController.swift */ = {isa = PBXFileReference; lastKnownFileType = sourcecode.swift; path = SearchAddressViewController.swift; sourceTree = "<group>"; };
		EB5EC99A26BA215600C3E209 /* PlacesService.swift */ = {isa = PBXFileReference; lastKnownFileType = sourcecode.swift; path = PlacesService.swift; sourceTree = "<group>"; };
		EB5EC99D26BA276D00C3E209 /* PlacesModel.swift */ = {isa = PBXFileReference; lastKnownFileType = sourcecode.swift; path = PlacesModel.swift; sourceTree = "<group>"; };
		EB5EC99F26BA36FB00C3E209 /* SearchAddressViewModel.swift */ = {isa = PBXFileReference; lastKnownFileType = sourcecode.swift; path = SearchAddressViewModel.swift; sourceTree = "<group>"; };
		EB5EC9A126BA480500C3E209 /* PlacesPersistenceProviderUserDefaults.swift */ = {isa = PBXFileReference; lastKnownFileType = sourcecode.swift; path = PlacesPersistenceProviderUserDefaults.swift; sourceTree = "<group>"; };
		EB5EC9A326BA4BB800C3E209 /* Defaults+Extensions.swift */ = {isa = PBXFileReference; lastKnownFileType = sourcecode.swift; path = "Defaults+Extensions.swift"; sourceTree = "<group>"; };
		EB9A90F426BB8B0B009D12E2 /* UIViewController+Extensions.swift */ = {isa = PBXFileReference; lastKnownFileType = sourcecode.swift; path = "UIViewController+Extensions.swift"; sourceTree = "<group>"; };
		EBCA24B926BB354700CB0AD0 /* PlaceTableViewCell.swift */ = {isa = PBXFileReference; lastKnownFileType = sourcecode.swift; path = PlaceTableViewCell.swift; sourceTree = "<group>"; };
		EBCA24BB26BB378300CB0AD0 /* PlaceTableViewCell.xib */ = {isa = PBXFileReference; lastKnownFileType = file.xib; path = PlaceTableViewCell.xib; sourceTree = "<group>"; };
/* End PBXFileReference section */

/* Begin PBXFrameworksBuildPhase section */
		EB095A3626B9CD0C00449EE8 /* Frameworks */ = {
			isa = PBXFrameworksBuildPhase;
			buildActionMask = 2147483647;
			files = (
			);
			runOnlyForDeploymentPostprocessing = 0;
		};
		EB095A4C26B9CD0F00449EE8 /* Frameworks */ = {
			isa = PBXFrameworksBuildPhase;
			buildActionMask = 2147483647;
			files = (
			);
			runOnlyForDeploymentPostprocessing = 0;
		};
		EB095A5726B9CD0F00449EE8 /* Frameworks */ = {
			isa = PBXFrameworksBuildPhase;
			buildActionMask = 2147483647;
			files = (
			);
			runOnlyForDeploymentPostprocessing = 0;
		};
/* End PBXFrameworksBuildPhase section */

/* Begin PBXGroup section */
		EB095A3026B9CD0C00449EE8 = {
			isa = PBXGroup;
			children = (
				EB095A3B26B9CD0C00449EE8 /* SignosInterview */,
				EB095A5226B9CD0F00449EE8 /* SignosInterviewTests */,
				EB095A5D26B9CD0F00449EE8 /* SignosInterviewUITests */,
				EB095A3A26B9CD0C00449EE8 /* Products */,
			);
			sourceTree = "<group>";
		};
		EB095A3A26B9CD0C00449EE8 /* Products */ = {
			isa = PBXGroup;
			children = (
				EB095A3926B9CD0C00449EE8 /* SignosInterview.app */,
				EB095A4F26B9CD0F00449EE8 /* SignosInterviewTests.xctest */,
				EB095A5A26B9CD0F00449EE8 /* SignosInterviewUITests.xctest */,
			);
			name = Products;
			sourceTree = "<group>";
		};
		EB095A3B26B9CD0C00449EE8 /* SignosInterview */ = {
			isa = PBXGroup;
			children = (
				EB5EC99926BA214600C3E209 /* Services */,
				EB5EC99326B9DD3600C3E209 /* Model */,
				EB5EC98B26B9D47400C3E209 /* Extensions */,
				EB5EC98826B9D3D000C3E209 /* Main */,
				EB5EC98326B9D34900C3E209 /* Coordination */,
				EB095A3C26B9CD0C00449EE8 /* AppDelegate.swift */,
				EB095A3E26B9CD0C00449EE8 /* SceneDelegate.swift */,
				EB095A4526B9CD0F00449EE8 /* Assets.xcassets */,
				EB095A4726B9CD0F00449EE8 /* LaunchScreen.storyboard */,
				EB095A4A26B9CD0F00449EE8 /* Info.plist */,
			);
			path = SignosInterview;
			sourceTree = "<group>";
		};
		EB095A5226B9CD0F00449EE8 /* SignosInterviewTests */ = {
			isa = PBXGroup;
			children = (
				EB095A5326B9CD0F00449EE8 /* SignosInterviewTests.swift */,
				EB095A5526B9CD0F00449EE8 /* Info.plist */,
			);
			path = SignosInterviewTests;
			sourceTree = "<group>";
		};
		EB095A5D26B9CD0F00449EE8 /* SignosInterviewUITests */ = {
			isa = PBXGroup;
			children = (
				EB095A5E26B9CD0F00449EE8 /* SignosInterviewUITests.swift */,
				EB095A6026B9CD1000449EE8 /* Info.plist */,
			);
			path = SignosInterviewUITests;
			sourceTree = "<group>";
		};
		EB5EC98326B9D34900C3E209 /* Coordination */ = {
			isa = PBXGroup;
			children = (
				EB5EC98426B9D36000C3E209 /* Coordinator.swift */,
				EB5EC98626B9D37500C3E209 /* AppCoordinator.swift */,
			);
			path = Coordination;
			sourceTree = "<group>";
		};
		EB5EC98826B9D3D000C3E209 /* Main */ = {
			isa = PBXGroup;
			children = (
				EBCA24B626BB34C700CB0AD0 /* PlaceTableViewCell */,
				EB5EC99626BA1C5700C3E209 /* SearchAddressViewController */,
				EB5EC98E26B9D54A00C3E209 /* AddressListViewController */,
				EB095A4226B9CD0C00449EE8 /* Main.storyboard */,
				EB5EC98926B9D3E700C3E209 /* MainCoordinator.swift */,
			);
			path = Main;
			sourceTree = "<group>";
		};
		EB5EC98B26B9D47400C3E209 /* Extensions */ = {
			isa = PBXGroup;
			children = (
				EB5EC98C26B9D4A400C3E209 /* UIStoryboard+Extensions.swift */,
				EB5EC9A326BA4BB800C3E209 /* Defaults+Extensions.swift */,
				EB9A90F426BB8B0B009D12E2 /* UIViewController+Extensions.swift */,
			);
			path = Extensions;
			sourceTree = "<group>";
		};
		EB5EC98E26B9D54A00C3E209 /* AddressListViewController */ = {
			isa = PBXGroup;
			children = (
				EB5EC98F26B9D57D00C3E209 /* AddressListViewController.swift */,
				EB5EC99126B9DD0700C3E209 /* AddressListViewModel.swift */,
			);
			path = AddressListViewController;
			sourceTree = "<group>";
		};
		EB5EC99326B9DD3600C3E209 /* Model */ = {
			isa = PBXGroup;
			children = (
				EB5EC99D26BA276D00C3E209 /* PlacesModel.swift */,
				EB5EC99426B9DD7300C3E209 /* AddressItem.swift */,
			);
			path = Model;
			sourceTree = "<group>";
		};
		EB5EC99626BA1C5700C3E209 /* SearchAddressViewController */ = {
			isa = PBXGroup;
			children = (
				EB5EC99726BA1C6C00C3E209 /* SearchAddressViewController.swift */,
				EB5EC99F26BA36FB00C3E209 /* SearchAddressViewModel.swift */,
			);
			path = SearchAddressViewController;
			sourceTree = "<group>";
		};
		EB5EC99926BA214600C3E209 /* Services */ = {
			isa = PBXGroup;
			children = (
				EB5EC99A26BA215600C3E209 /* PlacesService.swift */,
				EB5EC9A126BA480500C3E209 /* PlacesPersistenceProviderUserDefaults.swift */,
			);
			path = Services;
			sourceTree = "<group>";
		};
		EBCA24B626BB34C700CB0AD0 /* PlaceTableViewCell */ = {
			isa = PBXGroup;
			children = (
				EBCA24B926BB354700CB0AD0 /* PlaceTableViewCell.swift */,
				EBCA24BB26BB378300CB0AD0 /* PlaceTableViewCell.xib */,
			);
			path = PlaceTableViewCell;
			sourceTree = "<group>";
		};
/* End PBXGroup section */

/* Begin PBXNativeTarget section */
		EB095A3826B9CD0C00449EE8 /* SignosInterview */ = {
			isa = PBXNativeTarget;
			buildConfigurationList = EB095A6326B9CD1000449EE8 /* Build configuration list for PBXNativeTarget "SignosInterview" */;
			buildPhases = (
				EB095A3526B9CD0C00449EE8 /* Sources */,
				EB095A3626B9CD0C00449EE8 /* Frameworks */,
				EB095A3726B9CD0C00449EE8 /* Resources */,
			);
			buildRules = (
			);
			dependencies = (
			);
			name = SignosInterview;
			productName = SignosInterview;
			productReference = EB095A3926B9CD0C00449EE8 /* SignosInterview.app */;
			productType = "com.apple.product-type.application";
		};
		EB095A4E26B9CD0F00449EE8 /* SignosInterviewTests */ = {
			isa = PBXNativeTarget;
			buildConfigurationList = EB095A6626B9CD1000449EE8 /* Build configuration list for PBXNativeTarget "SignosInterviewTests" */;
			buildPhases = (
				EB095A4B26B9CD0F00449EE8 /* Sources */,
				EB095A4C26B9CD0F00449EE8 /* Frameworks */,
				EB095A4D26B9CD0F00449EE8 /* Resources */,
			);
			buildRules = (
			);
			dependencies = (
				EB095A5126B9CD0F00449EE8 /* PBXTargetDependency */,
			);
			name = SignosInterviewTests;
			productName = SignosInterviewTests;
			productReference = EB095A4F26B9CD0F00449EE8 /* SignosInterviewTests.xctest */;
			productType = "com.apple.product-type.bundle.unit-test";
		};
		EB095A5926B9CD0F00449EE8 /* SignosInterviewUITests */ = {
			isa = PBXNativeTarget;
			buildConfigurationList = EB095A6926B9CD1000449EE8 /* Build configuration list for PBXNativeTarget "SignosInterviewUITests" */;
			buildPhases = (
				EB095A5626B9CD0F00449EE8 /* Sources */,
				EB095A5726B9CD0F00449EE8 /* Frameworks */,
				EB095A5826B9CD0F00449EE8 /* Resources */,
			);
			buildRules = (
			);
			dependencies = (
				EB095A5C26B9CD0F00449EE8 /* PBXTargetDependency */,
			);
			name = SignosInterviewUITests;
			productName = SignosInterviewUITests;
			productReference = EB095A5A26B9CD0F00449EE8 /* SignosInterviewUITests.xctest */;
			productType = "com.apple.product-type.bundle.ui-testing";
		};
/* End PBXNativeTarget section */

/* Begin PBXProject section */
		EB095A3126B9CD0C00449EE8 /* Project object */ = {
			isa = PBXProject;
			attributes = {
				LastSwiftUpdateCheck = 1250;
				LastUpgradeCheck = 1250;
				TargetAttributes = {
					EB095A3826B9CD0C00449EE8 = {
						CreatedOnToolsVersion = 12.5.1;
					};
					EB095A4E26B9CD0F00449EE8 = {
						CreatedOnToolsVersion = 12.5.1;
						TestTargetID = EB095A3826B9CD0C00449EE8;
					};
					EB095A5926B9CD0F00449EE8 = {
						CreatedOnToolsVersion = 12.5.1;
						TestTargetID = EB095A3826B9CD0C00449EE8;
					};
				};
			};
			buildConfigurationList = EB095A3426B9CD0C00449EE8 /* Build configuration list for PBXProject "SignosInterview" */;
			compatibilityVersion = "Xcode 9.3";
			developmentRegion = en;
			hasScannedForEncodings = 0;
			knownRegions = (
				en,
				Base,
			);
			mainGroup = EB095A3026B9CD0C00449EE8;
			productRefGroup = EB095A3A26B9CD0C00449EE8 /* Products */;
			projectDirPath = "";
			projectRoot = "";
			targets = (
				EB095A3826B9CD0C00449EE8 /* SignosInterview */,
				EB095A4E26B9CD0F00449EE8 /* SignosInterviewTests */,
				EB095A5926B9CD0F00449EE8 /* SignosInterviewUITests */,
			);
		};
/* End PBXProject section */

/* Begin PBXResourcesBuildPhase section */
		EB095A3726B9CD0C00449EE8 /* Resources */ = {
			isa = PBXResourcesBuildPhase;
			buildActionMask = 2147483647;
			files = (
				EB095A4926B9CD0F00449EE8 /* LaunchScreen.storyboard in Resources */,
				EB095A4626B9CD0F00449EE8 /* Assets.xcassets in Resources */,
				EB095A4426B9CD0C00449EE8 /* Main.storyboard in Resources */,
				EBCA24BC26BB378300CB0AD0 /* PlaceTableViewCell.xib in Resources */,
			);
			runOnlyForDeploymentPostprocessing = 0;
		};
		EB095A4D26B9CD0F00449EE8 /* Resources */ = {
			isa = PBXResourcesBuildPhase;
			buildActionMask = 2147483647;
			files = (
			);
			runOnlyForDeploymentPostprocessing = 0;
		};
		EB095A5826B9CD0F00449EE8 /* Resources */ = {
			isa = PBXResourcesBuildPhase;
			buildActionMask = 2147483647;
			files = (
			);
			runOnlyForDeploymentPostprocessing = 0;
		};
/* End PBXResourcesBuildPhase section */

/* Begin PBXSourcesBuildPhase section */
		EB095A3526B9CD0C00449EE8 /* Sources */ = {
			isa = PBXSourcesBuildPhase;
			buildActionMask = 2147483647;
			files = (
				EB5EC99B26BA215600C3E209 /* PlacesService.swift in Sources */,
				EB5EC98526B9D36000C3E209 /* Coordinator.swift in Sources */,
				EB5EC98A26B9D3E700C3E209 /* MainCoordinator.swift in Sources */,
				EB5EC99826BA1C6C00C3E209 /* SearchAddressViewController.swift in Sources */,
				EB5EC99026B9D57D00C3E209 /* AddressListViewController.swift in Sources */,
				EB9A90F526BB8B0B009D12E2 /* UIViewController+Extensions.swift in Sources */,
				EB5EC99E26BA276D00C3E209 /* PlacesModel.swift in Sources */,
				EB5EC98726B9D37500C3E209 /* AppCoordinator.swift in Sources */,
				EB5EC99526B9DD7300C3E209 /* AddressItem.swift in Sources */,
				EB5EC9A026BA36FB00C3E209 /* SearchAddressViewModel.swift in Sources */,
				EB095A3D26B9CD0C00449EE8 /* AppDelegate.swift in Sources */,
				EB095A3F26B9CD0C00449EE8 /* SceneDelegate.swift in Sources */,
				EB5EC9A226BA480500C3E209 /* PlacesPersistenceProviderUserDefaults.swift in Sources */,
				EB5EC9A426BA4BB800C3E209 /* Defaults+Extensions.swift in Sources */,
				EB5EC98D26B9D4A400C3E209 /* UIStoryboard+Extensions.swift in Sources */,
				EB5EC99226B9DD0700C3E209 /* AddressListViewModel.swift in Sources */,
				EBCA24BA26BB354700CB0AD0 /* PlaceTableViewCell.swift in Sources */,
			);
			runOnlyForDeploymentPostprocessing = 0;
		};
		EB095A4B26B9CD0F00449EE8 /* Sources */ = {
			isa = PBXSourcesBuildPhase;
			buildActionMask = 2147483647;
			files = (
				EB095A5426B9CD0F00449EE8 /* SignosInterviewTests.swift in Sources */,
			);
			runOnlyForDeploymentPostprocessing = 0;
		};
		EB095A5626B9CD0F00449EE8 /* Sources */ = {
			isa = PBXSourcesBuildPhase;
			buildActionMask = 2147483647;
			files = (
				EB095A5F26B9CD0F00449EE8 /* SignosInterviewUITests.swift in Sources */,
			);
			runOnlyForDeploymentPostprocessing = 0;
		};
/* End PBXSourcesBuildPhase section */

/* Begin PBXTargetDependency section */
		EB095A5126B9CD0F00449EE8 /* PBXTargetDependency */ = {
			isa = PBXTargetDependency;
			target = EB095A3826B9CD0C00449EE8 /* SignosInterview */;
			targetProxy = EB095A5026B9CD0F00449EE8 /* PBXContainerItemProxy */;
		};
		EB095A5C26B9CD0F00449EE8 /* PBXTargetDependency */ = {
			isa = PBXTargetDependency;
			target = EB095A3826B9CD0C00449EE8 /* SignosInterview */;
			targetProxy = EB095A5B26B9CD0F00449EE8 /* PBXContainerItemProxy */;
		};
/* End PBXTargetDependency section */

/* Begin PBXVariantGroup section */
		EB095A4226B9CD0C00449EE8 /* Main.storyboard */ = {
			isa = PBXVariantGroup;
			children = (
				EB095A4326B9CD0C00449EE8 /* Base */,
			);
			name = Main.storyboard;
			sourceTree = "<group>";
		};
		EB095A4726B9CD0F00449EE8 /* LaunchScreen.storyboard */ = {
			isa = PBXVariantGroup;
			children = (
				EB095A4826B9CD0F00449EE8 /* Base */,
			);
			name = LaunchScreen.storyboard;
			sourceTree = "<group>";
		};
/* End PBXVariantGroup section */

/* Begin XCBuildConfiguration section */
		EB095A6126B9CD1000449EE8 /* Debug */ = {
			isa = XCBuildConfiguration;
			buildSettings = {
				ALWAYS_SEARCH_USER_PATHS = NO;
				CLANG_ANALYZER_NONNULL = YES;
				CLANG_ANALYZER_NUMBER_OBJECT_CONVERSION = YES_AGGRESSIVE;
				CLANG_CXX_LANGUAGE_STANDARD = "gnu++14";
				CLANG_CXX_LIBRARY = "libc++";
				CLANG_ENABLE_MODULES = YES;
				CLANG_ENABLE_OBJC_ARC = YES;
				CLANG_ENABLE_OBJC_WEAK = YES;
				CLANG_WARN_BLOCK_CAPTURE_AUTORELEASING = YES;
				CLANG_WARN_BOOL_CONVERSION = YES;
				CLANG_WARN_COMMA = YES;
				CLANG_WARN_CONSTANT_CONVERSION = YES;
				CLANG_WARN_DEPRECATED_OBJC_IMPLEMENTATIONS = YES;
				CLANG_WARN_DIRECT_OBJC_ISA_USAGE = YES_ERROR;
				CLANG_WARN_DOCUMENTATION_COMMENTS = YES;
				CLANG_WARN_EMPTY_BODY = YES;
				CLANG_WARN_ENUM_CONVERSION = YES;
				CLANG_WARN_INFINITE_RECURSION = YES;
				CLANG_WARN_INT_CONVERSION = YES;
				CLANG_WARN_NON_LITERAL_NULL_CONVERSION = YES;
				CLANG_WARN_OBJC_IMPLICIT_RETAIN_SELF = YES;
				CLANG_WARN_OBJC_LITERAL_CONVERSION = YES;
				CLANG_WARN_OBJC_ROOT_CLASS = YES_ERROR;
				CLANG_WARN_QUOTED_INCLUDE_IN_FRAMEWORK_HEADER = YES;
				CLANG_WARN_RANGE_LOOP_ANALYSIS = YES;
				CLANG_WARN_STRICT_PROTOTYPES = YES;
				CLANG_WARN_SUSPICIOUS_MOVE = YES;
				CLANG_WARN_UNGUARDED_AVAILABILITY = YES_AGGRESSIVE;
				CLANG_WARN_UNREACHABLE_CODE = YES;
				CLANG_WARN__DUPLICATE_METHOD_MATCH = YES;
				COPY_PHASE_STRIP = NO;
				DEBUG_INFORMATION_FORMAT = dwarf;
				ENABLE_STRICT_OBJC_MSGSEND = YES;
				ENABLE_TESTABILITY = YES;
				GCC_C_LANGUAGE_STANDARD = gnu11;
				GCC_DYNAMIC_NO_PIC = NO;
				GCC_NO_COMMON_BLOCKS = YES;
				GCC_OPTIMIZATION_LEVEL = 0;
				GCC_PREPROCESSOR_DEFINITIONS = (
					"DEBUG=1",
					"$(inherited)",
				);
				GCC_WARN_64_TO_32_BIT_CONVERSION = YES;
				GCC_WARN_ABOUT_RETURN_TYPE = YES_ERROR;
				GCC_WARN_UNDECLARED_SELECTOR = YES;
				GCC_WARN_UNINITIALIZED_AUTOS = YES_AGGRESSIVE;
				GCC_WARN_UNUSED_FUNCTION = YES;
				GCC_WARN_UNUSED_VARIABLE = YES;
				IPHONEOS_DEPLOYMENT_TARGET = 14.5;
				MTL_ENABLE_DEBUG_INFO = INCLUDE_SOURCE;
				MTL_FAST_MATH = YES;
				ONLY_ACTIVE_ARCH = YES;
				SDKROOT = iphoneos;
				SWIFT_ACTIVE_COMPILATION_CONDITIONS = DEBUG;
				SWIFT_OPTIMIZATION_LEVEL = "-Onone";
			};
			name = Debug;
		};
		EB095A6226B9CD1000449EE8 /* Release */ = {
			isa = XCBuildConfiguration;
			buildSettings = {
				ALWAYS_SEARCH_USER_PATHS = NO;
				CLANG_ANALYZER_NONNULL = YES;
				CLANG_ANALYZER_NUMBER_OBJECT_CONVERSION = YES_AGGRESSIVE;
				CLANG_CXX_LANGUAGE_STANDARD = "gnu++14";
				CLANG_CXX_LIBRARY = "libc++";
				CLANG_ENABLE_MODULES = YES;
				CLANG_ENABLE_OBJC_ARC = YES;
				CLANG_ENABLE_OBJC_WEAK = YES;
				CLANG_WARN_BLOCK_CAPTURE_AUTORELEASING = YES;
				CLANG_WARN_BOOL_CONVERSION = YES;
				CLANG_WARN_COMMA = YES;
				CLANG_WARN_CONSTANT_CONVERSION = YES;
				CLANG_WARN_DEPRECATED_OBJC_IMPLEMENTATIONS = YES;
				CLANG_WARN_DIRECT_OBJC_ISA_USAGE = YES_ERROR;
				CLANG_WARN_DOCUMENTATION_COMMENTS = YES;
				CLANG_WARN_EMPTY_BODY = YES;
				CLANG_WARN_ENUM_CONVERSION = YES;
				CLANG_WARN_INFINITE_RECURSION = YES;
				CLANG_WARN_INT_CONVERSION = YES;
				CLANG_WARN_NON_LITERAL_NULL_CONVERSION = YES;
				CLANG_WARN_OBJC_IMPLICIT_RETAIN_SELF = YES;
				CLANG_WARN_OBJC_LITERAL_CONVERSION = YES;
				CLANG_WARN_OBJC_ROOT_CLASS = YES_ERROR;
				CLANG_WARN_QUOTED_INCLUDE_IN_FRAMEWORK_HEADER = YES;
				CLANG_WARN_RANGE_LOOP_ANALYSIS = YES;
				CLANG_WARN_STRICT_PROTOTYPES = YES;
				CLANG_WARN_SUSPICIOUS_MOVE = YES;
				CLANG_WARN_UNGUARDED_AVAILABILITY = YES_AGGRESSIVE;
				CLANG_WARN_UNREACHABLE_CODE = YES;
				CLANG_WARN__DUPLICATE_METHOD_MATCH = YES;
				COPY_PHASE_STRIP = NO;
				DEBUG_INFORMATION_FORMAT = "dwarf-with-dsym";
				ENABLE_NS_ASSERTIONS = NO;
				ENABLE_STRICT_OBJC_MSGSEND = YES;
				GCC_C_LANGUAGE_STANDARD = gnu11;
				GCC_NO_COMMON_BLOCKS = YES;
				GCC_WARN_64_TO_32_BIT_CONVERSION = YES;
				GCC_WARN_ABOUT_RETURN_TYPE = YES_ERROR;
				GCC_WARN_UNDECLARED_SELECTOR = YES;
				GCC_WARN_UNINITIALIZED_AUTOS = YES_AGGRESSIVE;
				GCC_WARN_UNUSED_FUNCTION = YES;
				GCC_WARN_UNUSED_VARIABLE = YES;
				IPHONEOS_DEPLOYMENT_TARGET = 14.5;
				MTL_ENABLE_DEBUG_INFO = NO;
				MTL_FAST_MATH = YES;
				SDKROOT = iphoneos;
				SWIFT_COMPILATION_MODE = wholemodule;
				SWIFT_OPTIMIZATION_LEVEL = "-O";
				VALIDATE_PRODUCT = YES;
			};
			name = Release;
		};
		EB095A6426B9CD1000449EE8 /* Debug */ = {
			isa = XCBuildConfiguration;
			buildSettings = {
				ASSETCATALOG_COMPILER_APPICON_NAME = AppIcon;
				ASSETCATALOG_COMPILER_GLOBAL_ACCENT_COLOR_NAME = AccentColor;
				CODE_SIGN_STYLE = Automatic;
				DEVELOPMENT_TEAM = Z42VJWF6Y2;
				INFOPLIST_FILE = SignosInterview/Info.plist;
				LD_RUNPATH_SEARCH_PATHS = (
					"$(inherited)",
					"@executable_path/Frameworks",
				);
				PRODUCT_BUNDLE_IDENTIFIER = com.Synapse.SignosInterview;
				PRODUCT_NAME = "$(TARGET_NAME)";
				SWIFT_VERSION = 5.0;
				TARGETED_DEVICE_FAMILY = "1,2";
			};
			name = Debug;
		};
		EB095A6526B9CD1000449EE8 /* Release */ = {
			isa = XCBuildConfiguration;
			buildSettings = {
				ASSETCATALOG_COMPILER_APPICON_NAME = AppIcon;
				ASSETCATALOG_COMPILER_GLOBAL_ACCENT_COLOR_NAME = AccentColor;
				CODE_SIGN_STYLE = Automatic;
				DEVELOPMENT_TEAM = Z42VJWF6Y2;
				INFOPLIST_FILE = SignosInterview/Info.plist;
				LD_RUNPATH_SEARCH_PATHS = (
					"$(inherited)",
					"@executable_path/Frameworks",
				);
				PRODUCT_BUNDLE_IDENTIFIER = com.Synapse.SignosInterview;
				PRODUCT_NAME = "$(TARGET_NAME)";
				SWIFT_VERSION = 5.0;
				TARGETED_DEVICE_FAMILY = "1,2";
			};
			name = Release;
		};
		EB095A6726B9CD1000449EE8 /* Debug */ = {
			isa = XCBuildConfiguration;
			buildSettings = {
				ALWAYS_EMBED_SWIFT_STANDARD_LIBRARIES = YES;
				BUNDLE_LOADER = "$(TEST_HOST)";
				CODE_SIGN_STYLE = Automatic;
				DEVELOPMENT_TEAM = Z42862QX7H;
				INFOPLIST_FILE = SignosInterviewTests/Info.plist;
				IPHONEOS_DEPLOYMENT_TARGET = 14.5;
				LD_RUNPATH_SEARCH_PATHS = (
					"$(inherited)",
					"@executable_path/Frameworks",
					"@loader_path/Frameworks",
				);
				PRODUCT_BUNDLE_IDENTIFIER = com.macy.SignosInterviewTests;
				PRODUCT_NAME = "$(TARGET_NAME)";
				SWIFT_VERSION = 5.0;
				TARGETED_DEVICE_FAMILY = "1,2";
				TEST_HOST = "$(BUILT_PRODUCTS_DIR)/SignosInterview.app/SignosInterview";
			};
			name = Debug;
		};
		EB095A6826B9CD1000449EE8 /* Release */ = {
			isa = XCBuildConfiguration;
			buildSettings = {
				ALWAYS_EMBED_SWIFT_STANDARD_LIBRARIES = YES;
				BUNDLE_LOADER = "$(TEST_HOST)";
				CODE_SIGN_STYLE = Automatic;
				DEVELOPMENT_TEAM = Z42862QX7H;
				INFOPLIST_FILE = SignosInterviewTests/Info.plist;
				IPHONEOS_DEPLOYMENT_TARGET = 14.5;
				LD_RUNPATH_SEARCH_PATHS = (
					"$(inherited)",
					"@executable_path/Frameworks",
					"@loader_path/Frameworks",
				);
				PRODUCT_BUNDLE_IDENTIFIER = com.macy.SignosInterviewTests;
				PRODUCT_NAME = "$(TARGET_NAME)";
				SWIFT_VERSION = 5.0;
				TARGETED_DEVICE_FAMILY = "1,2";
				TEST_HOST = "$(BUILT_PRODUCTS_DIR)/SignosInterview.app/SignosInterview";
			};
			name = Release;
		};
		EB095A6A26B9CD1000449EE8 /* Debug */ = {
			isa = XCBuildConfiguration;
			buildSettings = {
				ALWAYS_EMBED_SWIFT_STANDARD_LIBRARIES = YES;
				CODE_SIGN_STYLE = Automatic;
				DEVELOPMENT_TEAM = Z42862QX7H;
				INFOPLIST_FILE = SignosInterviewUITests/Info.plist;
				LD_RUNPATH_SEARCH_PATHS = (
					"$(inherited)",
					"@executable_path/Frameworks",
					"@loader_path/Frameworks",
				);
				PRODUCT_BUNDLE_IDENTIFIER = com.macy.SignosInterviewUITests;
				PRODUCT_NAME = "$(TARGET_NAME)";
				SWIFT_VERSION = 5.0;
				TARGETED_DEVICE_FAMILY = "1,2";
				TEST_TARGET_NAME = SignosInterview;
			};
			name = Debug;
		};
		EB095A6B26B9CD1000449EE8 /* Release */ = {
			isa = XCBuildConfiguration;
			buildSettings = {
				ALWAYS_EMBED_SWIFT_STANDARD_LIBRARIES = YES;
				CODE_SIGN_STYLE = Automatic;
				DEVELOPMENT_TEAM = Z42862QX7H;
				INFOPLIST_FILE = SignosInterviewUITests/Info.plist;
				LD_RUNPATH_SEARCH_PATHS = (
					"$(inherited)",
					"@executable_path/Frameworks",
					"@loader_path/Frameworks",
				);
				PRODUCT_BUNDLE_IDENTIFIER = com.macy.SignosInterviewUITests;
				PRODUCT_NAME = "$(TARGET_NAME)";
				SWIFT_VERSION = 5.0;
				TARGETED_DEVICE_FAMILY = "1,2";
				TEST_TARGET_NAME = SignosInterview;
			};
			name = Release;
		};
/* End XCBuildConfiguration section */

/* Begin XCConfigurationList section */
		EB095A3426B9CD0C00449EE8 /* Build configuration list for PBXProject "SignosInterview" */ = {
			isa = XCConfigurationList;
			buildConfigurations = (
				EB095A6126B9CD1000449EE8 /* Debug */,
				EB095A6226B9CD1000449EE8 /* Release */,
			);
			defaultConfigurationIsVisible = 0;
			defaultConfigurationName = Release;
		};
		EB095A6326B9CD1000449EE8 /* Build configuration list for PBXNativeTarget "SignosInterview" */ = {
			isa = XCConfigurationList;
			buildConfigurations = (
				EB095A6426B9CD1000449EE8 /* Debug */,
				EB095A6526B9CD1000449EE8 /* Release */,
			);
			defaultConfigurationIsVisible = 0;
			defaultConfigurationName = Release;
		};
		EB095A6626B9CD1000449EE8 /* Build configuration list for PBXNativeTarget "SignosInterviewTests" */ = {
			isa = XCConfigurationList;
			buildConfigurations = (
				EB095A6726B9CD1000449EE8 /* Debug */,
				EB095A6826B9CD1000449EE8 /* Release */,
			);
			defaultConfigurationIsVisible = 0;
			defaultConfigurationName = Release;
		};
		EB095A6926B9CD1000449EE8 /* Build configuration list for PBXNativeTarget "SignosInterviewUITests" */ = {
			isa = XCConfigurationList;
			buildConfigurations = (
				EB095A6A26B9CD1000449EE8 /* Debug */,
				EB095A6B26B9CD1000449EE8 /* Release */,
			);
			defaultConfigurationIsVisible = 0;
			defaultConfigurationName = Release;
		};
/* End XCConfigurationList section */
	};
	rootObject = EB095A3126B9CD0C00449EE8 /* Project object */;
}
